// !$*UTF8*$!
{
	archiveVersion = 1;
	classes = {
	};
	objectVersion = 51;
	objects = {

/* Begin PBXBuildFile section */
		7F58B25524A8B2C500B722E0 /* AppDelegate.swift in Sources */ = {isa = PBXBuildFile; fileRef = 7F58B25424A8B2C500B722E0 /* AppDelegate.swift */; };
		7F58B25724A8B2C500B722E0 /* SceneDelegate.swift in Sources */ = {isa = PBXBuildFile; fileRef = 7F58B25624A8B2C500B722E0 /* SceneDelegate.swift */; };
		7F58B25E24A8B2C500B722E0 /* Main.storyboard in Resources */ = {isa = PBXBuildFile; fileRef = 7F58B25C24A8B2C500B722E0 /* Main.storyboard */; };
		7F58B26024A8B2C500B722E0 /* Assets.xcassets in Resources */ = {isa = PBXBuildFile; fileRef = 7F58B25F24A8B2C500B722E0 /* Assets.xcassets */; };
		7F58B26324A8B2C500B722E0 /* LaunchScreen.storyboard in Resources */ = {isa = PBXBuildFile; fileRef = 7F58B26124A8B2C500B722E0 /* LaunchScreen.storyboard */; };
		7F58B26E24A8B63900B722E0 /* Khel.swift in Sources */ = {isa = PBXBuildFile; fileRef = 7F58B26D24A8B63900B722E0 /* Khel.swift */; };
		7F58B27224A8B90C00B722E0 /* BrowseKhelsVC.swift in Sources */ = {isa = PBXBuildFile; fileRef = 7F58B27124A8B90C00B722E0 /* BrowseKhelsVC.swift */; };
		7F58B27424A8B93C00B722E0 /* KhelCell.swift in Sources */ = {isa = PBXBuildFile; fileRef = 7F58B27324A8B93C00B722E0 /* KhelCell.swift */; };
		7F653B9724ABB1C700766E6A /* ListManager.swift in Sources */ = {isa = PBXBuildFile; fileRef = 7F653B9624ABB1C700766E6A /* ListManager.swift */; };
		7F653B9924ABDEC700766E6A /* DeleteCell.swift in Sources */ = {isa = PBXBuildFile; fileRef = 7F653B9824ABDEC700766E6A /* DeleteCell.swift */; };
		7F6CE98224A9DA53002CB7B6 /* TagView.swift in Sources */ = {isa = PBXBuildFile; fileRef = 7F6CE98124A9DA53002CB7B6 /* TagView.swift */; };
		7F6DD0FD24A921AE00A99AA7 /* PlistStructs.swift in Sources */ = {isa = PBXBuildFile; fileRef = 7F6DD0FC24A921AE00A99AA7 /* PlistStructs.swift */; };
		7F6DD0FF24A92AB600A99AA7 /* ListCell.swift in Sources */ = {isa = PBXBuildFile; fileRef = 7F6DD0FE24A92AB600A99AA7 /* ListCell.swift */; };
		7F6DD10124A92B8E00A99AA7 /* ListsVC.swift in Sources */ = {isa = PBXBuildFile; fileRef = 7F6DD10024A92B8E00A99AA7 /* ListsVC.swift */; };
		7F6DD10324A93AE400A99AA7 /* ListDetailVC.swift in Sources */ = {isa = PBXBuildFile; fileRef = 7F6DD10224A93AE400A99AA7 /* ListDetailVC.swift */; };
		7FAACA1724A8EAA60099EC36 /* KhelDetailVC.swift in Sources */ = {isa = PBXBuildFile; fileRef = 7FAACA1624A8EAA60099EC36 /* KhelDetailVC.swift */; };
		7FBB963D24A8D31E00E25BE9 /* khel.json in Resources */ = {isa = PBXBuildFile; fileRef = 7FBB963C24A8D31E00E25BE9 /* khel.json */; };
		7FBB963F24A8DCCE00E25BE9 /* Theme.swift in Sources */ = {isa = PBXBuildFile; fileRef = 7FBB963E24A8DCCE00E25BE9 /* Theme.swift */; };
		F671D74005CBF2BE77E4F6A3 /* Pods_Khel.framework in Frameworks */ = {isa = PBXBuildFile; fileRef = F00D55CD9A5C601EF97BDF2D /* Pods_Khel.framework */; };
/* End PBXBuildFile section */

/* Begin PBXFileReference section */
		7F58B25124A8B2C500B722E0 /* Khel.app */ = {isa = PBXFileReference; explicitFileType = wrapper.application; includeInIndex = 0; path = Khel.app; sourceTree = BUILT_PRODUCTS_DIR; };
		7F58B25424A8B2C500B722E0 /* AppDelegate.swift */ = {isa = PBXFileReference; lastKnownFileType = sourcecode.swift; path = AppDelegate.swift; sourceTree = "<group>"; };
		7F58B25624A8B2C500B722E0 /* SceneDelegate.swift */ = {isa = PBXFileReference; lastKnownFileType = sourcecode.swift; path = SceneDelegate.swift; sourceTree = "<group>"; };
		7F58B25D24A8B2C500B722E0 /* Base */ = {isa = PBXFileReference; lastKnownFileType = file.storyboard; name = Base; path = Base.lproj/Main.storyboard; sourceTree = "<group>"; };
		7F58B25F24A8B2C500B722E0 /* Assets.xcassets */ = {isa = PBXFileReference; lastKnownFileType = folder.assetcatalog; path = Assets.xcassets; sourceTree = "<group>"; };
		7F58B26224A8B2C500B722E0 /* Base */ = {isa = PBXFileReference; lastKnownFileType = file.storyboard; name = Base; path = Base.lproj/LaunchScreen.storyboard; sourceTree = "<group>"; };
		7F58B26424A8B2C500B722E0 /* Info.plist */ = {isa = PBXFileReference; lastKnownFileType = text.plist.xml; path = Info.plist; sourceTree = "<group>"; };
		7F58B26D24A8B63900B722E0 /* Khel.swift */ = {isa = PBXFileReference; lastKnownFileType = sourcecode.swift; path = Khel.swift; sourceTree = "<group>"; };
		7F58B27124A8B90C00B722E0 /* BrowseKhelsVC.swift */ = {isa = PBXFileReference; lastKnownFileType = sourcecode.swift; path = BrowseKhelsVC.swift; sourceTree = "<group>"; };
		7F58B27324A8B93C00B722E0 /* KhelCell.swift */ = {isa = PBXFileReference; lastKnownFileType = sourcecode.swift; path = KhelCell.swift; sourceTree = "<group>"; };
		7F653B9624ABB1C700766E6A /* ListManager.swift */ = {isa = PBXFileReference; lastKnownFileType = sourcecode.swift; path = ListManager.swift; sourceTree = "<group>"; };
		7F653B9824ABDEC700766E6A /* DeleteCell.swift */ = {isa = PBXFileReference; lastKnownFileType = sourcecode.swift; path = DeleteCell.swift; sourceTree = "<group>"; };
		7F6CE98124A9DA53002CB7B6 /* TagView.swift */ = {isa = PBXFileReference; lastKnownFileType = sourcecode.swift; path = TagView.swift; sourceTree = "<group>"; };
		7F6DD0FC24A921AE00A99AA7 /* PlistStructs.swift */ = {isa = PBXFileReference; lastKnownFileType = sourcecode.swift; path = PlistStructs.swift; sourceTree = "<group>"; };
		7F6DD0FE24A92AB600A99AA7 /* ListCell.swift */ = {isa = PBXFileReference; fileEncoding = 4; lastKnownFileType = sourcecode.swift; path = ListCell.swift; sourceTree = "<group>"; };
		7F6DD10024A92B8E00A99AA7 /* ListsVC.swift */ = {isa = PBXFileReference; fileEncoding = 4; lastKnownFileType = sourcecode.swift; path = ListsVC.swift; sourceTree = "<group>"; };
		7F6DD10224A93AE400A99AA7 /* ListDetailVC.swift */ = {isa = PBXFileReference; fileEncoding = 4; lastKnownFileType = sourcecode.swift; path = ListDetailVC.swift; sourceTree = "<group>"; };
		7FAACA1624A8EAA60099EC36 /* KhelDetailVC.swift */ = {isa = PBXFileReference; lastKnownFileType = sourcecode.swift; path = KhelDetailVC.swift; sourceTree = "<group>"; };
		7FBB963C24A8D31E00E25BE9 /* khel.json */ = {isa = PBXFileReference; fileEncoding = 4; lastKnownFileType = text.json; path = khel.json; sourceTree = "<group>"; };
		7FBB963E24A8DCCE00E25BE9 /* Theme.swift */ = {isa = PBXFileReference; lastKnownFileType = sourcecode.swift; path = Theme.swift; sourceTree = "<group>"; };
		AB0C7D12BC34642D9530893F /* Pods-Khel.release.xcconfig */ = {isa = PBXFileReference; includeInIndex = 1; lastKnownFileType = text.xcconfig; name = "Pods-Khel.release.xcconfig"; path = "Target Support Files/Pods-Khel/Pods-Khel.release.xcconfig"; sourceTree = "<group>"; };
		C20AC9E6D33D4638D0219CD0 /* Pods-Khel.debug.xcconfig */ = {isa = PBXFileReference; includeInIndex = 1; lastKnownFileType = text.xcconfig; name = "Pods-Khel.debug.xcconfig"; path = "Target Support Files/Pods-Khel/Pods-Khel.debug.xcconfig"; sourceTree = "<group>"; };
		F00D55CD9A5C601EF97BDF2D /* Pods_Khel.framework */ = {isa = PBXFileReference; explicitFileType = wrapper.framework; includeInIndex = 0; path = Pods_Khel.framework; sourceTree = BUILT_PRODUCTS_DIR; };
/* End PBXFileReference section */

/* Begin PBXFrameworksBuildPhase section */
		7F58B24E24A8B2C500B722E0 /* Frameworks */ = {
			isa = PBXFrameworksBuildPhase;
			buildActionMask = 2147483647;
			files = (
				F671D74005CBF2BE77E4F6A3 /* Pods_Khel.framework in Frameworks */,
			);
			runOnlyForDeploymentPostprocessing = 0;
		};
/* End PBXFrameworksBuildPhase section */

/* Begin PBXGroup section */
		08434E917905EA1ADA88B4DB /* Frameworks */ = {
			isa = PBXGroup;
			children = (
				F00D55CD9A5C601EF97BDF2D /* Pods_Khel.framework */,
			);
			name = Frameworks;
			sourceTree = "<group>";
		};
		7F58B24824A8B2C500B722E0 = {
			isa = PBXGroup;
			children = (
				7F58B25324A8B2C500B722E0 /* Khel */,
				7F58B25224A8B2C500B722E0 /* Products */,
				943CBFE5654C7116C9DC516A /* Pods */,
				08434E917905EA1ADA88B4DB /* Frameworks */,
			);
			sourceTree = "<group>";
		};
		7F58B25224A8B2C500B722E0 /* Products */ = {
			isa = PBXGroup;
			children = (
				7F58B25124A8B2C500B722E0 /* Khel.app */,
			);
			name = Products;
			sourceTree = "<group>";
		};
		7F58B25324A8B2C500B722E0 /* Khel */ = {
			isa = PBXGroup;
			children = (
				7F58B25424A8B2C500B722E0 /* AppDelegate.swift */,
				7F58B25624A8B2C500B722E0 /* SceneDelegate.swift */,
				7FBB963B24A8D30D00E25BE9 /* Assets */,
				7F58B25C24A8B2C500B722E0 /* Main.storyboard */,
				7F58B26F24A8B64900B722E0 /* Models */,
				7F58B26C24A8B5EE00B722E0 /* VCs */,
				7FAACA1824A8EE140099EC36 /* Extensions */,
				7F58B27024A8B8F800B722E0 /* Components */,
				7F58B25F24A8B2C500B722E0 /* Assets.xcassets */,
				7F58B26124A8B2C500B722E0 /* LaunchScreen.storyboard */,
				7F58B26424A8B2C500B722E0 /* Info.plist */,
			);
			path = Khel;
			sourceTree = "<group>";
		};
		7F58B26C24A8B5EE00B722E0 /* VCs */ = {
			isa = PBXGroup;
			children = (
				7F58B27124A8B90C00B722E0 /* BrowseKhelsVC.swift */,
				7FAACA1624A8EAA60099EC36 /* KhelDetailVC.swift */,
				7F6DD10024A92B8E00A99AA7 /* ListsVC.swift */,
				7F6DD10224A93AE400A99AA7 /* ListDetailVC.swift */,
			);
			path = VCs;
			sourceTree = "<group>";
		};
		7F58B26F24A8B64900B722E0 /* Models */ = {
			isa = PBXGroup;
			children = (
				7F58B26D24A8B63900B722E0 /* Khel.swift */,
				7F6DD0FC24A921AE00A99AA7 /* PlistStructs.swift */,
			);
			path = Models;
			sourceTree = "<group>";
		};
		7F58B27024A8B8F800B722E0 /* Components */ = {
			isa = PBXGroup;
			children = (
				7F58B27324A8B93C00B722E0 /* KhelCell.swift */,
				7F6DD0FE24A92AB600A99AA7 /* ListCell.swift */,
				7F653B9824ABDEC700766E6A /* DeleteCell.swift */,
				7F6CE98124A9DA53002CB7B6 /* TagView.swift */,
			);
			path = Components;
			sourceTree = "<group>";
		};
		7FAACA1824A8EE140099EC36 /* Extensions */ = {
			isa = PBXGroup;
			children = (
				7FBB963E24A8DCCE00E25BE9 /* Theme.swift */,
				7F653B9624ABB1C700766E6A /* ListManager.swift */,
			);
			path = Extensions;
			sourceTree = "<group>";
		};
		7FBB963B24A8D30D00E25BE9 /* Assets */ = {
			isa = PBXGroup;
			children = (
				7FBB963C24A8D31E00E25BE9 /* khel.json */,
			);
			path = Assets;
			sourceTree = "<group>";
		};
		943CBFE5654C7116C9DC516A /* Pods */ = {
			isa = PBXGroup;
			children = (
				C20AC9E6D33D4638D0219CD0 /* Pods-Khel.debug.xcconfig */,
				AB0C7D12BC34642D9530893F /* Pods-Khel.release.xcconfig */,
			);
			path = Pods;
			sourceTree = "<group>";
		};
/* End PBXGroup section */

/* Begin PBXNativeTarget section */
		7F58B25024A8B2C500B722E0 /* Khel */ = {
			isa = PBXNativeTarget;
			buildConfigurationList = 7F58B26724A8B2C500B722E0 /* Build configuration list for PBXNativeTarget "Khel" */;
			buildPhases = (
				8DDEEE35651F11249C7675D3 /* [CP] Check Pods Manifest.lock */,
				7F58B24D24A8B2C500B722E0 /* Sources */,
				7F58B24E24A8B2C500B722E0 /* Frameworks */,
				7F58B24F24A8B2C500B722E0 /* Resources */,
				88F3DE288AF70DD64C9BE54E /* [CP] Embed Pods Frameworks */,
				7FAACA1B24A906B90099EC36 /* Run Swiftlint */,
			);
			buildRules = (
			);
			dependencies = (
			);
			name = Khel;
			productName = Khel;
			productReference = 7F58B25124A8B2C500B722E0 /* Khel.app */;
			productType = "com.apple.product-type.application";
		};
/* End PBXNativeTarget section */

/* Begin PBXProject section */
		7F58B24924A8B2C500B722E0 /* Project object */ = {
			isa = PBXProject;
			attributes = {
				LastSwiftUpdateCheck = 1140;
				LastUpgradeCheck = 1140;
				ORGANIZATIONNAME = "App Ktchn";
				TargetAttributes = {
					7F58B25024A8B2C500B722E0 = {
						CreatedOnToolsVersion = 11.4;
					};
				};
			};
			buildConfigurationList = 7F58B24C24A8B2C500B722E0 /* Build configuration list for PBXProject "Khel" */;
			compatibilityVersion = "Xcode 9.3";
			developmentRegion = en;
			hasScannedForEncodings = 0;
			knownRegions = (
				en,
				Base,
			);
			mainGroup = 7F58B24824A8B2C500B722E0;
			productRefGroup = 7F58B25224A8B2C500B722E0 /* Products */;
			projectDirPath = "";
			projectRoot = "";
			targets = (
				7F58B25024A8B2C500B722E0 /* Khel */,
			);
		};
/* End PBXProject section */

/* Begin PBXResourcesBuildPhase section */
		7F58B24F24A8B2C500B722E0 /* Resources */ = {
			isa = PBXResourcesBuildPhase;
			buildActionMask = 2147483647;
			files = (
				7F58B26324A8B2C500B722E0 /* LaunchScreen.storyboard in Resources */,
				7FBB963D24A8D31E00E25BE9 /* khel.json in Resources */,
				7F58B26024A8B2C500B722E0 /* Assets.xcassets in Resources */,
				7F58B25E24A8B2C500B722E0 /* Main.storyboard in Resources */,
			);
			runOnlyForDeploymentPostprocessing = 0;
		};
/* End PBXResourcesBuildPhase section */

/* Begin PBXShellScriptBuildPhase section */
		7FAACA1B24A906B90099EC36 /* Run Swiftlint */ = {
			isa = PBXShellScriptBuildPhase;
			buildActionMask = 2147483647;
			files = (
			);
			inputFileListPaths = (
			);
			inputPaths = (
			);
			name = "Run Swiftlint";
			outputFileListPaths = (
			);
			outputPaths = (
			);
			runOnlyForDeploymentPostprocessing = 0;
			shellPath = /bin/sh;
			shellScript = "if which swiftlint >/dev/null; then\n  swiftlint\nelse\n  echo \"warning: SwiftLint not installed, download from https://github.com/realm/SwiftLint\"\nfi\n";
		};
		88F3DE288AF70DD64C9BE54E /* [CP] Embed Pods Frameworks */ = {
			isa = PBXShellScriptBuildPhase;
			buildActionMask = 2147483647;
			files = (
			);
			inputFileListPaths = (
				"${PODS_ROOT}/Target Support Files/Pods-Khel/Pods-Khel-frameworks-${CONFIGURATION}-input-files.xcfilelist",
			);
			name = "[CP] Embed Pods Frameworks";
			outputFileListPaths = (
				"${PODS_ROOT}/Target Support Files/Pods-Khel/Pods-Khel-frameworks-${CONFIGURATION}-output-files.xcfilelist",
			);
			runOnlyForDeploymentPostprocessing = 0;
			shellPath = /bin/sh;
			shellScript = "\"${PODS_ROOT}/Target Support Files/Pods-Khel/Pods-Khel-frameworks.sh\"\n";
			showEnvVarsInLog = 0;
		};
		8DDEEE35651F11249C7675D3 /* [CP] Check Pods Manifest.lock */ = {
			isa = PBXShellScriptBuildPhase;
			buildActionMask = 2147483647;
			files = (
			);
			inputFileListPaths = (
			);
			inputPaths = (
				"${PODS_PODFILE_DIR_PATH}/Podfile.lock",
				"${PODS_ROOT}/Manifest.lock",
			);
			name = "[CP] Check Pods Manifest.lock";
			outputFileListPaths = (
			);
			outputPaths = (
				"$(DERIVED_FILE_DIR)/Pods-Khel-checkManifestLockResult.txt",
			);
			runOnlyForDeploymentPostprocessing = 0;
			shellPath = /bin/sh;
			shellScript = "diff \"${PODS_PODFILE_DIR_PATH}/Podfile.lock\" \"${PODS_ROOT}/Manifest.lock\" > /dev/null\nif [ $? != 0 ] ; then\n    # print error to STDERR\n    echo \"error: The sandbox is not in sync with the Podfile.lock. Run 'pod install' or update your CocoaPods installation.\" >&2\n    exit 1\nfi\n# This output is used by Xcode 'outputs' to avoid re-running this script phase.\necho \"SUCCESS\" > \"${SCRIPT_OUTPUT_FILE_0}\"\n";
			showEnvVarsInLog = 0;
		};
/* End PBXShellScriptBuildPhase section */

/* Begin PBXSourcesBuildPhase section */
		7F58B24D24A8B2C500B722E0 /* Sources */ = {
			isa = PBXSourcesBuildPhase;
			buildActionMask = 2147483647;
			files = (
				7FBB963F24A8DCCE00E25BE9 /* Theme.swift in Sources */,
				7F58B26E24A8B63900B722E0 /* Khel.swift in Sources */,
				7F653B9924ABDEC700766E6A /* DeleteCell.swift in Sources */,
				7F58B27224A8B90C00B722E0 /* BrowseKhelsVC.swift in Sources */,
				7F653B9724ABB1C700766E6A /* ListManager.swift in Sources */,
				7F6CE98224A9DA53002CB7B6 /* TagView.swift in Sources */,
				7F6DD0FF24A92AB600A99AA7 /* ListCell.swift in Sources */,
				7F58B25524A8B2C500B722E0 /* AppDelegate.swift in Sources */,
				7F6DD10324A93AE400A99AA7 /* ListDetailVC.swift in Sources */,
				7F58B27424A8B93C00B722E0 /* KhelCell.swift in Sources */,
				7FAACA1724A8EAA60099EC36 /* KhelDetailVC.swift in Sources */,
				7F6DD10124A92B8E00A99AA7 /* ListsVC.swift in Sources */,
				7F6DD0FD24A921AE00A99AA7 /* PlistStructs.swift in Sources */,
				7F58B25724A8B2C500B722E0 /* SceneDelegate.swift in Sources */,
			);
			runOnlyForDeploymentPostprocessing = 0;
		};
/* End PBXSourcesBuildPhase section */

/* Begin PBXVariantGroup section */
		7F58B25C24A8B2C500B722E0 /* Main.storyboard */ = {
			isa = PBXVariantGroup;
			children = (
				7F58B25D24A8B2C500B722E0 /* Base */,
			);
			name = Main.storyboard;
			sourceTree = "<group>";
		};
		7F58B26124A8B2C500B722E0 /* LaunchScreen.storyboard */ = {
			isa = PBXVariantGroup;
			children = (
				7F58B26224A8B2C500B722E0 /* Base */,
			);
			name = LaunchScreen.storyboard;
			sourceTree = "<group>";
		};
/* End PBXVariantGroup section */

/* Begin XCBuildConfiguration section */
		7F58B26524A8B2C500B722E0 /* Debug */ = {
			isa = XCBuildConfiguration;
			buildSettings = {
				ALWAYS_SEARCH_USER_PATHS = NO;
				CLANG_ANALYZER_NONNULL = YES;
				CLANG_ANALYZER_NUMBER_OBJECT_CONVERSION = YES_AGGRESSIVE;
				CLANG_CXX_LANGUAGE_STANDARD = "gnu++14";
				CLANG_CXX_LIBRARY = "libc++";
				CLANG_ENABLE_MODULES = YES;
				CLANG_ENABLE_OBJC_ARC = YES;
				CLANG_ENABLE_OBJC_WEAK = YES;
				CLANG_WARN_BLOCK_CAPTURE_AUTORELEASING = YES;
				CLANG_WARN_BOOL_CONVERSION = YES;
				CLANG_WARN_COMMA = YES;
				CLANG_WARN_CONSTANT_CONVERSION = YES;
				CLANG_WARN_DEPRECATED_OBJC_IMPLEMENTATIONS = YES;
				CLANG_WARN_DIRECT_OBJC_ISA_USAGE = YES_ERROR;
				CLANG_WARN_DOCUMENTATION_COMMENTS = YES;
				CLANG_WARN_EMPTY_BODY = YES;
				CLANG_WARN_ENUM_CONVERSION = YES;
				CLANG_WARN_INFINITE_RECURSION = YES;
				CLANG_WARN_INT_CONVERSION = YES;
				CLANG_WARN_NON_LITERAL_NULL_CONVERSION = YES;
				CLANG_WARN_OBJC_IMPLICIT_RETAIN_SELF = YES;
				CLANG_WARN_OBJC_LITERAL_CONVERSION = YES;
				CLANG_WARN_OBJC_ROOT_CLASS = YES_ERROR;
				CLANG_WARN_RANGE_LOOP_ANALYSIS = YES;
				CLANG_WARN_STRICT_PROTOTYPES = YES;
				CLANG_WARN_SUSPICIOUS_MOVE = YES;
				CLANG_WARN_UNGUARDED_AVAILABILITY = YES_AGGRESSIVE;
				CLANG_WARN_UNREACHABLE_CODE = YES;
				CLANG_WARN__DUPLICATE_METHOD_MATCH = YES;
				COPY_PHASE_STRIP = NO;
				DEBUG_INFORMATION_FORMAT = dwarf;
				ENABLE_STRICT_OBJC_MSGSEND = YES;
				ENABLE_TESTABILITY = YES;
				GCC_C_LANGUAGE_STANDARD = gnu11;
				GCC_DYNAMIC_NO_PIC = NO;
				GCC_NO_COMMON_BLOCKS = YES;
				GCC_OPTIMIZATION_LEVEL = 0;
				GCC_PREPROCESSOR_DEFINITIONS = (
					"DEBUG=1",
					"$(inherited)",
				);
				GCC_WARN_64_TO_32_BIT_CONVERSION = YES;
				GCC_WARN_ABOUT_RETURN_TYPE = YES_ERROR;
				GCC_WARN_UNDECLARED_SELECTOR = YES;
				GCC_WARN_UNINITIALIZED_AUTOS = YES_AGGRESSIVE;
				GCC_WARN_UNUSED_FUNCTION = YES;
				GCC_WARN_UNUSED_VARIABLE = YES;
				IPHONEOS_DEPLOYMENT_TARGET = 13.4;
				MTL_ENABLE_DEBUG_INFO = INCLUDE_SOURCE;
				MTL_FAST_MATH = YES;
				ONLY_ACTIVE_ARCH = YES;
				SDKROOT = iphoneos;
				SWIFT_ACTIVE_COMPILATION_CONDITIONS = DEBUG;
				SWIFT_OPTIMIZATION_LEVEL = "-Onone";
			};
			name = Debug;
		};
		7F58B26624A8B2C500B722E0 /* Release */ = {
			isa = XCBuildConfiguration;
			buildSettings = {
				ALWAYS_SEARCH_USER_PATHS = NO;
				CLANG_ANALYZER_NONNULL = YES;
				CLANG_ANALYZER_NUMBER_OBJECT_CONVERSION = YES_AGGRESSIVE;
				CLANG_CXX_LANGUAGE_STANDARD = "gnu++14";
				CLANG_CXX_LIBRARY = "libc++";
				CLANG_ENABLE_MODULES = YES;
				CLANG_ENABLE_OBJC_ARC = YES;
				CLANG_ENABLE_OBJC_WEAK = YES;
				CLANG_WARN_BLOCK_CAPTURE_AUTORELEASING = YES;
				CLANG_WARN_BOOL_CONVERSION = YES;
				CLANG_WARN_COMMA = YES;
				CLANG_WARN_CONSTANT_CONVERSION = YES;
				CLANG_WARN_DEPRECATED_OBJC_IMPLEMENTATIONS = YES;
				CLANG_WARN_DIRECT_OBJC_ISA_USAGE = YES_ERROR;
				CLANG_WARN_DOCUMENTATION_COMMENTS = YES;
				CLANG_WARN_EMPTY_BODY = YES;
				CLANG_WARN_ENUM_CONVERSION = YES;
				CLANG_WARN_INFINITE_RECURSION = YES;
				CLANG_WARN_INT_CONVERSION = YES;
				CLANG_WARN_NON_LITERAL_NULL_CONVERSION = YES;
				CLANG_WARN_OBJC_IMPLICIT_RETAIN_SELF = YES;
				CLANG_WARN_OBJC_LITERAL_CONVERSION = YES;
				CLANG_WARN_OBJC_ROOT_CLASS = YES_ERROR;
				CLANG_WARN_RANGE_LOOP_ANALYSIS = YES;
				CLANG_WARN_STRICT_PROTOTYPES = YES;
				CLANG_WARN_SUSPICIOUS_MOVE = YES;
				CLANG_WARN_UNGUARDED_AVAILABILITY = YES_AGGRESSIVE;
				CLANG_WARN_UNREACHABLE_CODE = YES;
				CLANG_WARN__DUPLICATE_METHOD_MATCH = YES;
				COPY_PHASE_STRIP = NO;
				DEBUG_INFORMATION_FORMAT = "dwarf-with-dsym";
				ENABLE_NS_ASSERTIONS = NO;
				ENABLE_STRICT_OBJC_MSGSEND = YES;
				GCC_C_LANGUAGE_STANDARD = gnu11;
				GCC_NO_COMMON_BLOCKS = YES;
				GCC_WARN_64_TO_32_BIT_CONVERSION = YES;
				GCC_WARN_ABOUT_RETURN_TYPE = YES_ERROR;
				GCC_WARN_UNDECLARED_SELECTOR = YES;
				GCC_WARN_UNINITIALIZED_AUTOS = YES_AGGRESSIVE;
				GCC_WARN_UNUSED_FUNCTION = YES;
				GCC_WARN_UNUSED_VARIABLE = YES;
				IPHONEOS_DEPLOYMENT_TARGET = 13.4;
				MTL_ENABLE_DEBUG_INFO = NO;
				MTL_FAST_MATH = YES;
				SDKROOT = iphoneos;
				SWIFT_COMPILATION_MODE = wholemodule;
				SWIFT_OPTIMIZATION_LEVEL = "-O";
				VALIDATE_PRODUCT = YES;
			};
			name = Release;
		};
		7F58B26824A8B2C500B722E0 /* Debug */ = {
			isa = XCBuildConfiguration;
			baseConfigurationReference = C20AC9E6D33D4638D0219CD0 /* Pods-Khel.debug.xcconfig */;
			buildSettings = {
				ASSETCATALOG_COMPILER_APPICON_NAME = AppIcon;
				CODE_SIGN_STYLE = Automatic;
				DEVELOPMENT_TEAM = GJ6558HKQT;
				INFOPLIST_FILE = Khel/Info.plist;
				IPHONEOS_DEPLOYMENT_TARGET = 13.0;
				LD_RUNPATH_SEARCH_PATHS = (
					"$(inherited)",
					"@executable_path/Frameworks",
				);
				PRODUCT_BUNDLE_IDENTIFIER = com.appktchn.Khel;
				PRODUCT_NAME = "$(TARGET_NAME)";
				SWIFT_VERSION = 5.0;
				TARGETED_DEVICE_FAMILY = "1,2";
			};
			name = Debug;
		};
		7F58B26924A8B2C500B722E0 /* Release */ = {
			isa = XCBuildConfiguration;
			baseConfigurationReference = AB0C7D12BC34642D9530893F /* Pods-Khel.release.xcconfig */;
			buildSettings = {
				ASSETCATALOG_COMPILER_APPICON_NAME = AppIcon;
				CODE_SIGN_STYLE = Automatic;
				DEVELOPMENT_TEAM = GJ6558HKQT;
				INFOPLIST_FILE = Khel/Info.plist;
				IPHONEOS_DEPLOYMENT_TARGET = 13.0;
				LD_RUNPATH_SEARCH_PATHS = (
					"$(inherited)",
					"@executable_path/Frameworks",
				);
				PRODUCT_BUNDLE_IDENTIFIER = com.appktchn.Khel;
				PRODUCT_NAME = "$(TARGET_NAME)";
				SWIFT_VERSION = 5.0;
				TARGETED_DEVICE_FAMILY = "1,2";
			};
			name = Release;
		};
/* End XCBuildConfiguration section */

/* Begin XCConfigurationList section */
		7F58B24C24A8B2C500B722E0 /* Build configuration list for PBXProject "Khel" */ = {
			isa = XCConfigurationList;
			buildConfigurations = (
				7F58B26524A8B2C500B722E0 /* Debug */,
				7F58B26624A8B2C500B722E0 /* Release */,
			);
			defaultConfigurationIsVisible = 0;
			defaultConfigurationName = Release;
		};
		7F58B26724A8B2C500B722E0 /* Build configuration list for PBXNativeTarget "Khel" */ = {
			isa = XCConfigurationList;
			buildConfigurations = (
				7F58B26824A8B2C500B722E0 /* Debug */,
				7F58B26924A8B2C500B722E0 /* Release */,
			);
			defaultConfigurationIsVisible = 0;
			defaultConfigurationName = Release;
		};
/* End XCConfigurationList section */
	};
	rootObject = 7F58B24924A8B2C500B722E0 /* Project object */;
}
